{
  "name": "applet-mall",
  "version": "1.0.0",
  "lockfileVersion": 1,
  "requires": true,
  "dependencies": {
    "@dcloudio/types": {
      "version": "3.0.15",
      "resolved": "http://nexus.moogozero.com/repository/npm-group/@dcloudio/types/-/types-3.0.15.tgz",
      "integrity": "sha512-3ngPB4X1Nql8OxWn3sjXgGYAB57mPnAzzmlOBv1nppYGJMD/Hn/oet1LUK72IdJKxiCU5kMBftWylDPQAx6Y7g=="
    },
    "@types/node": {
      "version": "18.11.8",
      "resolved": "http://nexus.moogozero.com/repository/npm-group/@types/node/-/node-18.11.8.tgz",
      "integrity": "sha512-uGwPWlE0Hj972KkHtCDVwZ8O39GmyjfMane1Z3GUBGGnkZ2USDq7SxLpVIiIHpweY9DS0QTDH0Nw7RNBsAAZ5A=="
    }
  }
}
